PODS:
  - Alamofire (4.9.1)
  - TweetNacl (1.0.2)

DEPENDENCIES:
  - Alamofire
  - TweetNacl (~> 1.0.0)

SPEC REPOS:
  https://github.com/cocoapods/specs.git:
    - Alamofire
    - TweetNacl

SPEC CHECKSUMS:
  Alamofire: 85e8a02c69d6020a0d734f6054870d7ecb75cf18
  TweetNacl: 3abf4d1d2082b0114e7a67410e300892448951e6

PODFILE CHECKSUM: a37d7334ade6a293484a865f52ea4b46be2f53fc

COCOAPODS: 1.7.5
